<?xml version="1.0" encoding="utf-8"?>
<Project ToolsVersion="4.0" xmlns="http://schemas.microsoft.com/developer/msbuild/2003">
  <ItemGroup>
    <Filter Include="Source Files">
      <UniqueIdentifier>{4FC737F1-C7A5-4376-A066-2A32D752A2FF}</UniqueIdentifier>
      <Extensions>cpp;c;cxx;def;odl;idl;hpj;bat;asm;asmx</Extensions>
    </Filter>
    <Filter Include="Header Files">
      <UniqueIdentifier>{93995380-89BD-4b04-88EB-625FBE52EBFB}</UniqueIdentifier>
      <Extensions>h;hpp;hxx;hm;inl;inc;xsd</Extensions>
    </Filter>
    <Filter Include="Resource Files">
      <UniqueIdentifier>{67DA6AB6-F800-4c08-8B7A-83BB121AAD01}</UniqueIdentifier>
      <Extensions>rc;ico;cur;bmp;dlg;rc2;rct;bin;rgs;gif;jpg;jpeg;jpe;resx</Extensions>
    </Filter>
    <Filter Include="tools">
      <UniqueIdentifier>{eabf8336-a412-40f9-8114-13a5af6d74ad}</UniqueIdentifier>
    </Filter>
  </ItemGroup>
  <ItemGroup>
    <ClCompile Include="ComStuff.cpp">
      <Filter>Source Files</Filter>
    </ClCompile>
    <ClCompile Include="DisplayAsm.cpp">
      <Filter>Source Files</Filter>
    </ClCompile>
    <ClCompile Include="FunctionInfo.cpp">
      <Filter>Source Files</Filter>
    </ClCompile>
    <ClCompile Include="FunctionInfoEx.cpp">
      <Filter>Source Files</Filter>
    </ClCompile>
    <ClCompile Include="HookNet.cpp">
      <Filter>Source Files</Filter>
    </ClCompile>
    <ClCompile Include="NetInteraction.cpp">
      <Filter>Source Files</Filter>
    </ClCompile>
    <ClCompile Include="NetProfiler.cpp">
      <Filter>Source Files</Filter>
    </ClCompile>
    <ClCompile Include="NetProfilerClassFactory.cpp">
      <Filter>Source Files</Filter>
    </ClCompile>
    <ClCompile Include="..\..\..\..\WinAPIOverride32\Options.cpp">
      <Filter>Source Files</Filter>
    </ClCompile>
    <ClCompile Include="ParameterInfo.cpp">
      <Filter>Source Files</Filter>
    </ClCompile>
    <ClCompile Include="..\..\..\String\AnsiUnicodeConvert.cpp">
      <Filter>tools</Filter>
    </ClCompile>
    <ClCompile Include="..\..\..\APIError\APIError.cpp">
      <Filter>tools</Filter>
    </ClCompile>
    <ClCompile Include="..\..\..\Clipboard\Clipboard.cpp">
      <Filter>tools</Filter>
    </ClCompile>
    <ClCompile Include="..\..\..\Gui\Dialog\DialogHelper.cpp">
      <Filter>tools</Filter>
    </ClCompile>
    <ClCompile Include="..\..\..\Disasm\Disasm.cpp">
      <Filter>tools</Filter>
    </ClCompile>
    <ClCompile Include="..\ExpressionParser.cpp">
      <Filter>tools</Filter>
    </ClCompile>
    <ClCompile Include="..\..\..\LinkList\LinkList.cpp">
      <Filter>tools</Filter>
    </ClCompile>
    <ClCompile Include="..\..\..\LinkList\LinkListBase.cpp">
      <Filter>tools</Filter>
    </ClCompile>
    <ClCompile Include="..\..\..\LinkList\SingleThreaded\LinkListBaseSingleThreaded.cpp">
      <Filter>tools</Filter>
    </ClCompile>
    <ClCompile Include="..\..\..\LinkList\LinkListSimple.cpp">
      <Filter>tools</Filter>
    </ClCompile>
    <ClCompile Include="..\..\..\LinkList\SingleThreaded\LinkListSimpleSingleThreaded.cpp">
      <Filter>tools</Filter>
    </ClCompile>
    <ClCompile Include="..\..\..\LinkList\SingleThreaded\LinkListSingleThreaded.cpp">
      <Filter>tools</Filter>
    </ClCompile>
    <ClCompile Include="..\..\..\Gui\ListView\Listview.cpp">
      <Filter>tools</Filter>
    </ClCompile>
    <ClCompile Include="..\..\MailSlot\MailSlotClient.cpp">
      <Filter>tools</Filter>
    </ClCompile>
    <ClCompile Include="..\..\..\Gui\Menu\PopUpMenu.cpp">
      <Filter>tools</Filter>
    </ClCompile>
    <ClCompile Include="..\..\..\String\SecureTcscat.cpp">
      <Filter>tools</Filter>
    </ClCompile>
    <ClCompile Include="..\..\..\File\StdFileOperations.cpp">
      <Filter>tools</Filter>
    </ClCompile>
    <ClCompile Include="..\..\..\String\StringConverter.cpp">
      <Filter>tools</Filter>
    </ClCompile>
    <ClCompile Include="..\SupportedParameters.cpp">
      <Filter>tools</Filter>
    </ClCompile>
    <ClCompile Include="..\..\..\File\TextFile.cpp">
      <Filter>tools</Filter>
    </ClCompile>
    <ClCompile Include="..\..\..\Gui\ToolBar\Toolbar.cpp">
      <Filter>tools</Filter>
    </ClCompile>
    <ClCompile Include="..\..\..\String\TrimString.cpp">
      <Filter>tools</Filter>
    </ClCompile>
    <ClCompile Include="..\UserDataType.cpp">
      <Filter>tools</Filter>
    </ClCompile>
    <ClCompile Include="..\UserDataTypeVar.cpp">
      <Filter>tools</Filter>
    </ClCompile>
    <ClCompile Include="..\UserDefine.cpp">
      <Filter>tools</Filter>
    </ClCompile>
  </ItemGroup>
  <ItemGroup>
    <ClInclude Include="DisplayAsm.h">
      <Filter>Header Files</Filter>
    </ClInclude>
    <ClInclude Include="FunctionInfo.h">
      <Filter>Header Files</Filter>
    </ClInclude>
    <ClInclude Include="FunctionInfoEx.h">
      <Filter>Header Files</Filter>
    </ClInclude>
    <ClInclude Include="HookNet.h">
      <Filter>Header Files</Filter>
    </ClInclude>
    <ClInclude Include="HookNetExport.h">
      <Filter>Header Files</Filter>
    </ClInclude>
    <ClInclude Include="NetInteraction.h">
      <Filter>Header Files</Filter>
    </ClInclude>
    <ClInclude Include="NetProfiler.h">
      <Filter>Header Files</Filter>
    </ClInclude>
    <ClInclude Include="NetProfilerClassFactory.h">
      <Filter>Header Files</Filter>
    </ClInclude>
    <ClInclude Include="..\..\..\..\WinAPIOverride32\Options.h">
      <Filter>Header Files</Filter>
    </ClInclude>
    <ClInclude Include="ParameterInfo.h">
      <Filter>Header Files</Filter>
    </ClInclude>
    <ClInclude Include="resource.h">
      <Filter>Header Files</Filter>
    </ClInclude>
    <ClInclude Include="..\..\..\String\AnsiUnicodeConvert.h">
      <Filter>tools</Filter>
    </ClInclude>
    <ClInclude Include="..\..\..\APIError\APIError.h">
      <Filter>tools</Filter>
    </ClInclude>
    <ClInclude Include="..\..\..\Clipboard\Clipboard.h">
      <Filter>tools</Filter>
    </ClInclude>
    <ClInclude Include="..\..\..\Gui\Dialog\DialogHelper.h">
      <Filter>tools</Filter>
    </ClInclude>
    <ClInclude Include="..\..\..\Disasm\Disasm.h">
      <Filter>tools</Filter>
    </ClInclude>
    <ClInclude Include="..\ExpressionParser.h">
      <Filter>tools</Filter>
    </ClInclude>
    <ClInclude Include="..\..\..\LinkList\LinkList.h">
      <Filter>tools</Filter>
    </ClInclude>
    <ClInclude Include="..\..\..\LinkList\LinkListBase.h">
      <Filter>tools</Filter>
    </ClInclude>
    <ClInclude Include="..\..\..\LinkList\SingleThreaded\LinkListBaseSingleThreaded.h">
      <Filter>tools</Filter>
    </ClInclude>
    <ClInclude Include="..\..\..\LinkList\LinkListItem.h">
      <Filter>tools</Filter>
    </ClInclude>
    <ClInclude Include="..\..\..\LinkList\LinkListSimple.h">
      <Filter>tools</Filter>
    </ClInclude>
    <ClInclude Include="..\..\..\LinkList\SingleThreaded\LinkListSimpleSingleThreaded.h">
      <Filter>tools</Filter>
    </ClInclude>
    <ClInclude Include="..\..\..\LinkList\SingleThreaded\LinkListSingleThreaded.h">
      <Filter>tools</Filter>
    </ClInclude>
    <ClInclude Include="..\..\..\Gui\ListView\Listview.h">
      <Filter>tools</Filter>
    </ClInclude>
    <ClInclude Include="..\..\MailSlot\MailSlotClient.h">
      <Filter>tools</Filter>
    </ClInclude>
    <ClInclude Include="..\..\..\Gui\Menu\PopUpMenu.h">
      <Filter>tools</Filter>
    </ClInclude>
    <ClInclude Include="..\..\..\String\SecureTcscat.h">
      <Filter>tools</Filter>
    </ClInclude>
    <ClInclude Include="..\..\..\File\StdFileOperations.h">
      <Filter>tools</Filter>
    </ClInclude>
    <ClInclude Include="..\..\..\String\StringConverter.h">
      <Filter>tools</Filter>
    </ClInclude>
    <ClInclude Include="..\SupportedParameters.h">
      <Filter>tools</Filter>
    </ClInclude>
    <ClInclude Include="..\..\..\File\TextFile.h">
      <Filter>tools</Filter>
    </ClInclude>
    <ClInclude Include="..\..\..\Gui\ToolBar\Toolbar.h">
      <Filter>tools</Filter>
    </ClInclude>
    <ClInclude Include="..\..\..\String\TrimString.h">
      <Filter>tools</Filter>
    </ClInclude>
    <ClInclude Include="..\UserDataType.h">
      <Filter>tools</Filter>
    </ClInclude>
    <ClInclude Include="..\UserDataTypeVar.h">
      <Filter>tools</Filter>
    </ClInclude>
    <ClInclude Include="..\UserDefine.h">
      <Filter>tools</Filter>
    </ClInclude>
  </ItemGroup>
  <ItemGroup>
    <Image Include="resource\asm.ico">
      <Filter>Resource Files</Filter>
    </Image>
    <Image Include="resource\hook.ico">
      <Filter>Resource Files</Filter>
    </Image>
    <Image Include="resource\NetInteraction.ico">
      <Filter>Resource Files</Filter>
    </Image>
    <Image Include="resource\refresh.ico">
      <Filter>Resource Files</Filter>
    </Image>
    <Image Include="resource\unhook.ico">
      <Filter>Resource Files</Filter>
    </Image>
  </ItemGroup>
  <ItemGroup>
    <ResourceCompile Include="HookNet.rc">
      <Filter>Resource Files</Filter>
    </ResourceCompile>
  </ItemGroup>
</Project>