<?xml version="1.0" encoding="utf-8"?>
<Project ToolsVersion="4.0" xmlns="http://schemas.microsoft.com/developer/msbuild/2003">
  <ItemGroup>
    <Filter Include="Source Files">
      <UniqueIdentifier>{4FC737F1-C7A5-4376-A066-2A32D752A2FF}</UniqueIdentifier>
      <Extensions>cpp;c;cxx;def;odl;idl;hpj;bat;asm;asmx</Extensions>
    </Filter>
    <Filter Include="Header Files">
      <UniqueIdentifier>{93995380-89BD-4b04-88EB-625FBE52EBFB}</UniqueIdentifier>
      <Extensions>h;hpp;hxx;hm;inl;inc;xsd</Extensions>
    </Filter>
    <Filter Include="Resource Files">
      <UniqueIdentifier>{67DA6AB6-F800-4c08-8B7A-83BB121AAD01}</UniqueIdentifier>
      <Extensions>rc;ico;cur;bmp;dlg;rc2;rct;bin;rgs;gif;jpg;jpeg;jpe;resx</Extensions>
    </Filter>
    <Filter Include="Tools">
      <UniqueIdentifier>{08304ce8-ba46-4073-8515-f5cedc0650da}</UniqueIdentifier>
    </Filter>
  </ItemGroup>
  <ItemGroup>
    <ClCompile Include="CLSIDFilters.cpp">
      <Filter>Source Files</Filter>
    </ClCompile>
    <ClCompile Include="COMInteraction.cpp">
      <Filter>Source Files</Filter>
    </ClCompile>
    <ClCompile Include="GetIDispatchWinApiOverrideFunctionsRepresentation.cpp">
      <Filter>Source Files</Filter>
    </ClCompile>
    <ClCompile Include="..\..\..\Com\GUIDStringConvert.cpp">
      <Filter>Source Files</Filter>
    </ClCompile>
    <ClCompile Include="HookCom.cpp">
      <Filter>Source Files</Filter>
    </ClCompile>
    <ClCompile Include="HookedClass.cpp">
      <Filter>Source Files</Filter>
    </ClCompile>
    <ClCompile Include="HookedInterface.cpp">
      <Filter>Source Files</Filter>
    </ClCompile>
    <ClCompile Include="HookedObject.cpp">
      <Filter>Source Files</Filter>
    </ClCompile>
    <ClCompile Include="IDispatchResultSelection.cpp">
      <Filter>Source Files</Filter>
    </ClCompile>
    <ClCompile Include="InterfaceInfo.cpp">
      <Filter>Source Files</Filter>
    </ClCompile>
    <ClCompile Include="MethodInfo.cpp">
      <Filter>Source Files</Filter>
    </ClCompile>
    <ClCompile Include="ParameterInfo.cpp">
      <Filter>Source Files</Filter>
    </ClCompile>
    <ClCompile Include="PostApiCallHooks.cpp">
      <Filter>Source Files</Filter>
    </ClCompile>
    <ClCompile Include="PropertyInfo.cpp">
      <Filter>Source Files</Filter>
    </ClCompile>
    <ClCompile Include="SecureIUnknown.cpp">
      <Filter>Source Files</Filter>
    </ClCompile>
    <ClCompile Include="ShowMethodsAddress.cpp">
      <Filter>Source Files</Filter>
    </ClCompile>
    <ClCompile Include="ShowPropertyPage.cpp">
      <Filter>Source Files</Filter>
    </ClCompile>
    <ClCompile Include="..\..\..\String\AnsiUnicodeConvert.cpp">
      <Filter>Tools</Filter>
    </ClCompile>
    <ClCompile Include="..\..\..\APIError\APIError.cpp">
      <Filter>Tools</Filter>
    </ClCompile>
    <ClCompile Include="..\..\..\Clipboard\Clipboard.cpp">
      <Filter>Tools</Filter>
    </ClCompile>
    <ClCompile Include="..\..\..\Gui\Dialog\DialogHelper.cpp">
      <Filter>Tools</Filter>
    </ClCompile>
    <ClCompile Include="..\..\..\Dll\DllFinder.cpp">
      <Filter>Tools</Filter>
    </ClCompile>
    <ClCompile Include="..\..\..\Dll\DllSideBySideAssembyFinder.cpp">
      <Filter>Tools</Filter>
    </ClCompile>
    <ClCompile Include="..\ExpressionParser.cpp">
      <Filter>Tools</Filter>
    </ClCompile>
    <ClCompile Include="..\..\..\File\FileSearch.cpp">
      <Filter>Tools</Filter>
    </ClCompile>
    <ClCompile Include="..\..\..\Exception\HardwareException.cpp">
      <Filter>Tools</Filter>
    </ClCompile>
    <ClCompile Include="..\..\..\LinkList\LinkList.cpp">
      <Filter>Tools</Filter>
    </ClCompile>
    <ClCompile Include="..\..\..\LinkList\LinkListBase.cpp">
      <Filter>Tools</Filter>
    </ClCompile>
    <ClCompile Include="..\..\..\LinkList\SingleThreaded\LinkListBaseSingleThreaded.cpp">
      <Filter>Tools</Filter>
    </ClCompile>
    <ClCompile Include="..\..\..\LinkList\LinkListSimple.cpp">
      <Filter>Tools</Filter>
    </ClCompile>
    <ClCompile Include="..\..\..\LinkList\SingleThreaded\LinkListSimpleSingleThreaded.cpp">
      <Filter>Tools</Filter>
    </ClCompile>
    <ClCompile Include="..\..\..\LinkList\SingleThreaded\LinkListSingleThreaded.cpp">
      <Filter>Tools</Filter>
    </ClCompile>
    <ClCompile Include="..\..\..\Gui\ListView\Listview.cpp">
      <Filter>Tools</Filter>
    </ClCompile>
    <ClCompile Include="..\..\ModulesParser\ModulesParser.cpp">
      <Filter>Tools</Filter>
    </ClCompile>
    <ClCompile Include="..\..\..\..\WinAPIOverride32\ParseParametersForRemoteCall.cpp">
      <Filter>Tools</Filter>
    </ClCompile>
    <ClCompile Include="..\..\..\Pe\PE.cpp">
      <Filter>Tools</Filter>
    </ClCompile>
    <ClCompile Include="..\..\..\Dll\PeManifestAssembly.cpp">
      <Filter>Tools</Filter>
    </ClCompile>
    <ClCompile Include="..\..\..\Gui\Menu\PopUpMenu.cpp">
      <Filter>Tools</Filter>
    </ClCompile>
    <ClCompile Include="..\..\..\..\WinAPIOverride32\RemoteCallResult.cpp">
      <Filter>Tools</Filter>
    </ClCompile>
    <ClCompile Include="..\..\..\String\SecureTcscat.cpp">
      <Filter>Tools</Filter>
    </ClCompile>
    <ClCompile Include="..\..\..\File\StdFileOperations.cpp">
      <Filter>Tools</Filter>
    </ClCompile>
    <ClCompile Include="..\..\..\String\StringConverter.cpp">
      <Filter>Tools</Filter>
    </ClCompile>
    <ClCompile Include="..\..\..\String\StrToHex.cpp">
      <Filter>Tools</Filter>
    </ClCompile>
    <ClCompile Include="..\SupportedParameters.cpp">
      <Filter>Tools</Filter>
    </ClCompile>
    <ClCompile Include="..\..\..\File\TextFile.cpp">
      <Filter>Tools</Filter>
    </ClCompile>
    <ClCompile Include="..\..\..\Gui\TreeView\Treeview.cpp">
      <Filter>Tools</Filter>
    </ClCompile>
    <ClCompile Include="..\..\..\String\TrimString.cpp">
      <Filter>Tools</Filter>
    </ClCompile>
    <ClCompile Include="..\UserDataType.cpp">
      <Filter>Tools</Filter>
    </ClCompile>
    <ClCompile Include="..\UserDataTypeVar.cpp">
      <Filter>Tools</Filter>
    </ClCompile>
    <ClCompile Include="..\UserDefine.cpp">
      <Filter>Tools</Filter>
    </ClCompile>
    <ClCompile Include="..\..\..\String\WildCharCompare.cpp">
      <Filter>Tools</Filter>
    </ClCompile>
  </ItemGroup>
  <ItemGroup>
    <ClInclude Include="CLSIDFilters.h">
      <Filter>Header Files</Filter>
    </ClInclude>
    <ClInclude Include="COM_include.h">
      <Filter>Header Files</Filter>
    </ClInclude>
    <ClInclude Include="COMInteraction.h">
      <Filter>Header Files</Filter>
    </ClInclude>
    <ClInclude Include="DefinesAndStructs.h">
      <Filter>Header Files</Filter>
    </ClInclude>
    <ClInclude Include="GetIDispatchWinApiOverrideFunctionsRepresentation.h">
      <Filter>Header Files</Filter>
    </ClInclude>
    <ClInclude Include="..\..\..\Com\GUIDStringConvert.h">
      <Filter>Header Files</Filter>
    </ClInclude>
    <ClInclude Include="HookCom.h">
      <Filter>Header Files</Filter>
    </ClInclude>
    <ClInclude Include="HookComExport.h">
      <Filter>Header Files</Filter>
    </ClInclude>
    <ClInclude Include="HookedClass.h">
      <Filter>Header Files</Filter>
    </ClInclude>
    <ClInclude Include="HookedInterface.h">
      <Filter>Header Files</Filter>
    </ClInclude>
    <ClInclude Include="HookedObject.h">
      <Filter>Header Files</Filter>
    </ClInclude>
    <ClInclude Include="IDispatchResultSelection.h">
      <Filter>Header Files</Filter>
    </ClInclude>
    <ClInclude Include="InterfaceInfo.h">
      <Filter>Header Files</Filter>
    </ClInclude>
    <ClInclude Include="MethodInfo.h">
      <Filter>Header Files</Filter>
    </ClInclude>
    <ClInclude Include="ParameterInfo.h">
      <Filter>Header Files</Filter>
    </ClInclude>
    <ClInclude Include="PostApiCallHooks.h">
      <Filter>Header Files</Filter>
    </ClInclude>
    <ClInclude Include="PropertyInfo.h">
      <Filter>Header Files</Filter>
    </ClInclude>
    <ClInclude Include="resource.h">
      <Filter>Header Files</Filter>
    </ClInclude>
    <ClInclude Include="SecureIUnknown.h">
      <Filter>Header Files</Filter>
    </ClInclude>
    <ClInclude Include="ShowMethodsAddress.h">
      <Filter>Header Files</Filter>
    </ClInclude>
    <ClInclude Include="ShowPropertyPage.h">
      <Filter>Header Files</Filter>
    </ClInclude>
    <ClInclude Include="..\..\..\String\AnsiUnicodeConvert.h">
      <Filter>Tools</Filter>
    </ClInclude>
    <ClInclude Include="..\..\..\APIError\APIError.h">
      <Filter>Tools</Filter>
    </ClInclude>
    <ClInclude Include="..\..\..\Clipboard\Clipboard.h">
      <Filter>Tools</Filter>
    </ClInclude>
    <ClInclude Include="..\..\..\Gui\Dialog\DialogHelper.h">
      <Filter>Tools</Filter>
    </ClInclude>
    <ClInclude Include="..\..\..\Dll\DllFinder.h">
      <Filter>Tools</Filter>
    </ClInclude>
    <ClInclude Include="..\..\..\Dll\DllSideBySideAssembyFinder.h">
      <Filter>Tools</Filter>
    </ClInclude>
    <ClInclude Include="..\ExpressionParser.h">
      <Filter>Tools</Filter>
    </ClInclude>
    <ClInclude Include="..\..\..\File\FileSearch.h">
      <Filter>Tools</Filter>
    </ClInclude>
    <ClInclude Include="..\..\..\Exception\HardwareException.h">
      <Filter>Tools</Filter>
    </ClInclude>
    <ClInclude Include="..\..\..\LinkList\LinkList.h">
      <Filter>Tools</Filter>
    </ClInclude>
    <ClInclude Include="..\..\..\LinkList\LinkListBase.h">
      <Filter>Tools</Filter>
    </ClInclude>
    <ClInclude Include="..\..\..\LinkList\SingleThreaded\LinkListBaseSingleThreaded.h">
      <Filter>Tools</Filter>
    </ClInclude>
    <ClInclude Include="..\..\..\LinkList\LinkListItem.h">
      <Filter>Tools</Filter>
    </ClInclude>
    <ClInclude Include="..\..\..\LinkList\LinkListSimple.h">
      <Filter>Tools</Filter>
    </ClInclude>
    <ClInclude Include="..\..\..\LinkList\SingleThreaded\LinkListSimpleSingleThreaded.h">
      <Filter>Tools</Filter>
    </ClInclude>
    <ClInclude Include="..\..\..\LinkList\SingleThreaded\LinkListSingleThreaded.h">
      <Filter>Tools</Filter>
    </ClInclude>
    <ClInclude Include="..\..\..\Gui\ListView\Listview.h">
      <Filter>Tools</Filter>
    </ClInclude>
    <ClInclude Include="..\..\ModulesParser\ModulesParser.h">
      <Filter>Tools</Filter>
    </ClInclude>
    <ClInclude Include="..\..\..\..\WinAPIOverride32\ParseParametersForRemoteCall.h">
      <Filter>Tools</Filter>
    </ClInclude>
    <ClInclude Include="..\..\..\Pe\PE.h">
      <Filter>Tools</Filter>
    </ClInclude>
    <ClInclude Include="..\..\..\Dll\PeManifestAssembly.h">
      <Filter>Tools</Filter>
    </ClInclude>
    <ClInclude Include="..\..\..\Gui\Menu\PopUpMenu.h">
      <Filter>Tools</Filter>
    </ClInclude>
    <ClInclude Include="..\..\..\..\WinAPIOverride32\RemoteCallResult.h">
      <Filter>Tools</Filter>
    </ClInclude>
    <ClInclude Include="..\..\..\String\SecureTcscat.h">
      <Filter>Tools</Filter>
    </ClInclude>
    <ClInclude Include="..\..\..\File\StdFileOperations.h">
      <Filter>Tools</Filter>
    </ClInclude>
    <ClInclude Include="..\..\..\String\StringConverter.h">
      <Filter>Tools</Filter>
    </ClInclude>
    <ClInclude Include="..\..\..\String\StrToHex.h">
      <Filter>Tools</Filter>
    </ClInclude>
    <ClInclude Include="..\SupportedParameters.h">
      <Filter>Tools</Filter>
    </ClInclude>
    <ClInclude Include="..\..\..\File\TextFile.h">
      <Filter>Tools</Filter>
    </ClInclude>
    <ClInclude Include="..\..\..\Gui\TreeView\Treeview.h">
      <Filter>Tools</Filter>
    </ClInclude>
    <ClInclude Include="..\..\..\String\TrimString.h">
      <Filter>Tools</Filter>
    </ClInclude>
    <ClInclude Include="..\UserDataType.h">
      <Filter>Tools</Filter>
    </ClInclude>
    <ClInclude Include="..\UserDataTypeVar.h">
      <Filter>Tools</Filter>
    </ClInclude>
    <ClInclude Include="..\UserDefine.h">
      <Filter>Tools</Filter>
    </ClInclude>
    <ClInclude Include="..\..\..\String\WildCharCompare.h">
      <Filter>Tools</Filter>
    </ClInclude>
  </ItemGroup>
  <ItemGroup>
    <Image Include="resource\Edit.ico">
      <Filter>Resource Files</Filter>
    </Image>
    <Image Include="resource\remotecall.ico">
      <Filter>Resource Files</Filter>
    </Image>
    <Image Include="resource\showaddress.ico">
      <Filter>Resource Files</Filter>
    </Image>
  </ItemGroup>
  <ItemGroup>
    <ResourceCompile Include="HookCom.rc">
      <Filter>Resource Files</Filter>
    </ResourceCompile>
  </ItemGroup>
</Project>